<?xml version="1.0" encoding="UTF-8" standalone="yes" ?>
<CodeBlocks_project_file>
	<FileVersion major="1" minor="6" />
	<Project>
		<Option title="Arcana" />
		<Option pch_mode="2" />
		<Option compiler="gcc" />
		<Build>
			<Target title="Debug">
				<Option output="bin/Debug/Arcana" prefix_auto="1" extension_auto="1" />
				<Option object_output="obj/Debug/" />
				<Option type="1" />
				<Option compiler="gcc" />
				<Compiler>
					<Add option="-g" />
					<Add option="`sdl2-config --cflags`" />
					<Add option="-D_DEBUG" />
				</Compiler>
				<Linker>
					<Add option="`sdl2-config --libs`" />
				</Linker>
			</Target>
			<Target title="Release">
				<Option output="bin/Release/Arcana" prefix_auto="1" extension_auto="1" />
				<Option object_output="obj/Release/" />
				<Option type="1" />
				<Option compiler="gcc" />
				<Compiler>
					<Add option="-O2" />
					<Add option="-DNDEBUG" />
				</Compiler>
				<Linker>
					<Add option="-s" />
				</Linker>
			</Target>
		</Build>
		<Compiler>
			<Add option="-Wall" />
			<Add option="-fexceptions" />
			<Add option="`sdl2-config --cflags`" />
			<Add option="-D_LINUX" />
			<Add directory="../../dakiilib/lib" />
			<Add directory="../../dakiilib/dfc" />
			<Add directory="../../dakiilib/helper" />
			<Add directory="/usr/include/SDL2" />
		</Compiler>
		<Linker>
			<Add option="`sdl2-config --libs`" />
			<Add library="libSDL2_image" />
			<Add library="libSDL2_mixer" />
			<Add directory="/usr/lib64" />
		</Linker>
		<Unit filename="../../dakiilib/dfc/dfc.h" />
		<Unit filename="../../dakiilib/dfc/dfc3DEntity.cpp" />
		<Unit filename="../../dakiilib/dfc/dfc3DEntity.h" />
		<Unit filename="../../dakiilib/dfc/dfc3DMaze.cpp" />
		<Unit filename="../../dakiilib/dfc/dfc3DMaze.h" />
		<Unit filename="../../dakiilib/dfc/dfc3DSprite.cpp" />
		<Unit filename="../../dakiilib/dfc/dfc3DSprite.h" />
		<Unit filename="../../dakiilib/dfc/dfcApp.cpp" />
		<Unit filename="../../dakiilib/dfc/dfcApp.h" />
		<Unit filename="../../dakiilib/dfc/dfcBackground.cpp" />
		<Unit filename="../../dakiilib/dfc/dfcBackground.h" />
		<Unit filename="../../dakiilib/dfc/dfcButton.cpp" />
		<Unit filename="../../dakiilib/dfc/dfcButton.h" />
		<Unit filename="../../dakiilib/dfc/dfcCamera.cpp" />
		<Unit filename="../../dakiilib/dfc/dfcCamera.h" />
		<Unit filename="../../dakiilib/dfc/dfcContext.cpp" />
		<Unit filename="../../dakiilib/dfc/dfcContext.h" />
		<Unit filename="../../dakiilib/dfc/dfcDictionary.cpp" />
		<Unit filename="../../dakiilib/dfc/dfcDictionary.h" />
		<Unit filename="../../dakiilib/dfc/dfcEntity.cpp" />
		<Unit filename="../../dakiilib/dfc/dfcEntity.h" />
		<Unit filename="../../dakiilib/dfc/dfcFont.cpp" />
		<Unit filename="../../dakiilib/dfc/dfcFont.h" />
		<Unit filename="../../dakiilib/dfc/dfcLabel.cpp" />
		<Unit filename="../../dakiilib/dfc/dfcLabel.h" />
		<Unit filename="../../dakiilib/dfc/dfcMusic.cpp" />
		<Unit filename="../../dakiilib/dfc/dfcMusic.h" />
		<Unit filename="../../dakiilib/dfc/dfcObj.cpp" />
		<Unit filename="../../dakiilib/dfc/dfcObj.h" />
		<Unit filename="../../dakiilib/dfc/dfcPhysObj.cpp" />
		<Unit filename="../../dakiilib/dfc/dfcPhysObj.h" />
		<Unit filename="../../dakiilib/dfc/dfcRPGEngine.cpp" />
		<Unit filename="../../dakiilib/dfc/dfcRPGEngine.h" />
		<Unit filename="../../dakiilib/dfc/dfcRPGEngineEntities.cpp" />
		<Unit filename="../../dakiilib/dfc/dfcRPGEngineEntities.h" />
		<Unit filename="../../dakiilib/dfc/dfcRPGEngineItems.cpp" />
		<Unit filename="../../dakiilib/dfc/dfcRPGEngineItems.h" />
		<Unit filename="../../dakiilib/dfc/dfcRPGEngineSpells.cpp" />
		<Unit filename="../../dakiilib/dfc/dfcRPGEngineSpells.h" />
		<Unit filename="../../dakiilib/dfc/dfcSceneEngine.cpp" />
		<Unit filename="../../dakiilib/dfc/dfcSceneEngine.h" />
		<Unit filename="../../dakiilib/dfc/dfcSceneNodes.cpp" />
		<Unit filename="../../dakiilib/dfc/dfcSceneNodes.h" />
		<Unit filename="../../dakiilib/dfc/dfcSound.cpp" />
		<Unit filename="../../dakiilib/dfc/dfcSound.h" />
		<Unit filename="../../dakiilib/helper/DString.cpp" />
		<Unit filename="../../dakiilib/helper/DString.h" />
		<Unit filename="../../dakiilib/helper/XMLLoader.cpp" />
		<Unit filename="../../dakiilib/helper/XMLLoader.h" />
		<Unit filename="../../dakiilib/lib/lib.h" />
		<Unit filename="../../dakiilib/lib/libMacros.h" />
		<Unit filename="../../dakiilib/lib/libMath.cpp" />
		<Unit filename="../../dakiilib/lib/libMath.h" />
		<Unit filename="../../dakiilib/lib/libMng3D.h" />
		<Unit filename="../../dakiilib/lib/libMngGraphic.h" />
		<Unit filename="../../dakiilib/lib/libMngIO.cpp" />
		<Unit filename="../../dakiilib/lib/libMngIO.h" />
		<Unit filename="../../dakiilib/lib/libMngInput.h" />
		<Unit filename="../../dakiilib/lib/libMngResIO.cpp" />
		<Unit filename="../../dakiilib/lib/libMngResIO.h" />
		<Unit filename="../../dakiilib/lib/libMngSound.h" />
		<Unit filename="../../dakiilib/lib/libTypes.h" />
		<Unit filename="../../dakiilib/lib/linux/libMacros_linux.h" />
		<Unit filename="../../dakiilib/lib/linux/libMng3D_linux.cpp" />
		<Unit filename="../../dakiilib/lib/linux/libMng3D_linux.h" />
		<Unit filename="../../dakiilib/lib/linux/libMngGraphic_linux.cpp" />
		<Unit filename="../../dakiilib/lib/linux/libMngGraphic_linux.h" />
		<Unit filename="../../dakiilib/lib/linux/libMngInput_linux.cpp" />
		<Unit filename="../../dakiilib/lib/linux/libMngInput_linux.h" />
		<Unit filename="../../dakiilib/lib/linux/libMngSound_linux.cpp" />
		<Unit filename="../../dakiilib/lib/linux/libMngSound_linux.h" />
		<Unit filename="../../dakiilib/lib/linux/libSystem_linux.cpp" />
		<Unit filename="../../dakiilib/lib/linux/libTypes_linux.h" />
		<Unit filename="../../dakiilib/lib/linux/lib_linux.h" />
		<Unit filename="AppArcana.cpp" />
		<Unit filename="AppArcana.h" />
		<Unit filename="CEntGUIMenuChangeColorGauge.cpp" />
		<Unit filename="CEntGUIMenuChangeColorGauge.h" />
		<Unit filename="CtxCity.cpp" />
		<Unit filename="CtxCity.h" />
		<Unit filename="CtxDungeon.cpp" />
		<Unit filename="CtxDungeon.h" />
		<Unit filename="CtxLogoDakiisoft.cpp" />
		<Unit filename="CtxLogoDakiisoft.h" />
		<Unit filename="CtxLogoHal.cpp" />
		<Unit filename="CtxLogoHal.h" />
		<Unit filename="CtxNewChapter.cpp" />
		<Unit filename="CtxNewChapter.h" />
		<Unit filename="CtxOvermap.cpp" />
		<Unit filename="CtxOvermap.h" />
		<Unit filename="CtxPrologue.cpp" />
		<Unit filename="CtxPrologue.h" />
		<Unit filename="CtxShop.cpp" />
		<Unit filename="CtxShop.h" />
		<Unit filename="CtxStory.cpp" />
		<Unit filename="CtxStory.h" />
		<Unit filename="CtxTitle.cpp" />
		<Unit filename="CtxTitle.h" />
		<Unit filename="MngArcanaRPG.cpp" />
		<Unit filename="MngArcanaRPG.h" />
		<Unit filename="MngArcanaRPGItems.h" />
		<Unit filename="MngArcanaRPGSpells.h" />
		<Unit filename="MngGUIArcana.cpp" />
		<Unit filename="MngGUIArcana.h" />
		<Unit filename="README.md" />
		<Unit filename="game.h" />
		<Unit filename="resScript/AppArcana.application" />
		<Unit filename="resScript/BkCityGalnia.background" />
		<Unit filename="resScript/BkLogoDakiisoft.background" />
		<Unit filename="resScript/BkLogoHal.background" />
		<Unit filename="resScript/BkNewChapter.background" />
		<Unit filename="resScript/BkStory.background" />
		<Unit filename="resScript/BkTitle.background" />
		<Unit filename="resScript/CtxCityGalnia.context" />
		<Unit filename="resScript/CtxDungeonBalnia.context" />
		<Unit filename="resScript/CtxLogoDakiisoft.context" />
		<Unit filename="resScript/CtxLogoHal.context" />
		<Unit filename="resScript/CtxNewChapter.context" />
		<Unit filename="resScript/CtxPrologue.context" />
		<Unit filename="resScript/CtxStory.context" />
		<Unit filename="resScript/CtxTitle.context" />
		<Unit filename="resScript/DicArcana.dictionary" />
		<Unit filename="resScript/EntGUIBoussole.entity" />
		<Unit filename="resScript/EntGUICharNonBattle.entity" />
		<Unit filename="resScript/EntGUIMenuChangeColorGauge.entity" />
		<Unit filename="resScript/EntGUIMenuCursor.entity" />
		<Unit filename="resScript/EntGUIPane.entity" />
		<Unit filename="resScript/EntNPC.entity" />
		<Unit filename="resScript/EntStoryCloudLightning.entity" />
		<Unit filename="resScript/Font19.font" />
		<Unit filename="resScript/Font27.font" />
		<Unit filename="resScript/Font8.font" />
		<Unit filename="resScript/GUI.physObj" />
		<Unit filename="resScript/GUIMenuChangeColor.physObj" />
		<Unit filename="resScript/GUIMenuNonBattle.physObj" />
		<Unit filename="resScript/LblGUIMenuAbility.label" />
		<Unit filename="resScript/LblGUIMenuCall.label" />
		<Unit filename="resScript/LblGUIMenuChangeColorBlueTxt.label" />
		<Unit filename="resScript/LblGUIMenuChangeColorBlueValue.label" />
		<Unit filename="resScript/LblGUIMenuChangeColorGreenTxt.label" />
		<Unit filename="resScript/LblGUIMenuChangeColorGreenValue.label" />
		<Unit filename="resScript/LblGUIMenuChangeColorRedTxt.label" />
		<Unit filename="resScript/LblGUIMenuChangeColorRedValue.label" />
		<Unit filename="resScript/LblGUIMenuColor.label" />
		<Unit filename="resScript/LblGUIMenuEquipment.label" />
		<Unit filename="resScript/LblGUIMenuFormation.label" />
		<Unit filename="resScript/LblGUIMenuInventory.label" />
		<Unit filename="resScript/LblGUIMenuLook.label" />
		<Unit filename="resScript/LblGUIMenuMagic.label" />
		<Unit filename="resScript/LblGUIMenuMap.label" />
		<Unit filename="resScript/LblGUIMenuMoneyTxt.label" />
		<Unit filename="resScript/LblGUIMenuMoneyValue.label" />
		<Unit filename="resScript/LblGUIPlaceName.label" />
		<Unit filename="resScript/LblGUITxt.label" />
		<Unit filename="resScript/LblNewChapter.label" />
		<Unit filename="resScript/LblPrologue.label" />
		<Unit filename="resScript/LblStory.label" />
		<Unit filename="resScript/LblTitleContinue.label" />
		<Unit filename="resScript/LblTitleCopyright.label" />
		<Unit filename="resScript/LblTitleNewGame.label" />
		<Unit filename="resScript/MazeBalniaTemple.3dmaze" />
		<Unit filename="resScript/MazeIceMine.3dmaze" />
		<Unit filename="resScript/MusBackgroundStory.sound" />
		<Unit filename="resScript/MusDungeonTest.sound" />
		<Unit filename="resScript/MusLogoHal.sound" />
		<Unit filename="resScript/MusNewChapter.sound" />
		<Unit filename="resScript/MusNewMemberJoins.sound" />
		<Unit filename="resScript/MusStory.sound" />
		<Unit filename="resScript/MusTitle.sound" />
		<Unit filename="resScript/MusTown.sound" />
		<Unit filename="resScript/ScnCityGalnia000.scene" />
		<Unit filename="resScript/ScnStory.scene" />
		<Extensions>
			<envvars />
			<code_completion />
			<lib_finder disable_auto="1" />
			<debugger />
		</Extensions>
	</Project>
</CodeBlocks_project_file>
